
Microsoft Visual Studio Solution File, Format Version 12.00
# Visual Studio 15
VisualStudioVersion = 15.0.27004.2006
MinimumVisualStudioVersion = 10.0.40219.1
Project("{9A19103F-16F7-4668-BE54-9A1E7A4F7556}") = "Workflow.Core", "Workflow.Core\Workflow.Core.csproj", "{1E47B5EF-8608-4E87-8BCB-40CEB93A712C}"
EndProject
Project("{9A19103F-16F7-4668-BE54-9A1E7A4F7556}") = "WorkFolw.Service", "WorkFolw.Service\WorkFolw.Service.csproj", "{1B0D5D64-2B23-4DAE-803C-F98DD2D260CC}"
EndProject
Project("{9A19103F-16F7-4668-BE54-9A1E7A4F7556}") = "WorkFlow.Business", "WorkFlow.Business\WorkFlow.Business.csproj", "{D129FAA1-4194-4903-8E76-9DB6542698AE}"
EndProject
Project("{9A19103F-16F7-4668-BE54-9A1E7A4F7556}") = "Workflow.Business.Imp", "Workflow.Business.Imp\Workflow.Business.Imp.csproj", "{71487229-140B-4E14-8700-7E03C7E9BCAD}"
EndProject
Project("{9A19103F-16F7-4668-BE54-9A1E7A4F7556}") = "Workflow.comm", "Workflow.comm\Workflow.comm.csproj", "{89B7A604-3C83-489D-B8A9-0522CA5D8ADB}"
EndProject
Project("{9A19103F-16F7-4668-BE54-9A1E7A4F7556}") = "Workflow.ServiceImp", "Workflow.ServiceImp\Workflow.ServiceImp.csproj", "{6DB287F6-B574-4262-965E-77A514693808}"
EndProject
Project("{9A19103F-16F7-4668-BE54-9A1E7A4F7556}") = "Workflow.Dto", "Workflow.Dto\Workflow.Dto.csproj", "{0CB2D071-DEFF-4EF0-BF45-E74165960A2F}"
EndProject
Project("{9A19103F-16F7-4668-BE54-9A1E7A4F7556}") = "Workflow.Repository", "Workflow.Repository\Workflow.Repository.csproj", "{842E232E-886C-4F7D-8B31-DBDF3B15F2D7}"
EndProject
Project("{9A19103F-16F7-4668-BE54-9A1E7A4F7556}") = "Workflow.Repository.Imp", "Workflow.Repository.Imp\Workflow.Repository.Imp.csproj", "{9FDED5CF-249B-4EE6-92E0-AAE25964A3A3}"
EndProject
Project("{9A19103F-16F7-4668-BE54-9A1E7A4F7556}") = "Workflow.Entity", "Workflow.Entity\Workflow.Entity.csproj", "{35C41EAD-6772-4C05-B890-11CB3E0CA1D0}"
EndProject
Project("{9A19103F-16F7-4668-BE54-9A1E7A4F7556}") = "WorkFlow.AutoMapper", "WorkFlow.AutoMapper\WorkFlow.AutoMapper.csproj", "{38A3D8D8-6D2F-4AE4-B29E-11D148C6B3AF}"
EndProject
Project("{9A19103F-16F7-4668-BE54-9A1E7A4F7556}") = "Workflow.Entity.Imp", "Workflow.Entity.Imp\Workflow.Entity.Imp.csproj", "{47A73209-3985-4E3D-87F3-A02E6844709D}"
EndProject
Project("{2150E333-8FDC-42A3-9474-1A3956D46DE8}") = "UserInterface", "UserInterface", "{DA0544F3-2CCB-4079-8478-6081688B3524}"
EndProject
Project("{2150E333-8FDC-42A3-9474-1A3956D46DE8}") = "Application", "Application", "{ECCBC1E5-3955-41CD-BB9D-22F406A9DDCD}"
EndProject
Project("{2150E333-8FDC-42A3-9474-1A3956D46DE8}") = "Domain", "Domain", "{9608837A-BC65-4D90-9BCA-F90BE847035D}"
EndProject
Project("{2150E333-8FDC-42A3-9474-1A3956D46DE8}") = "Infrastructure", "Infrastructure", "{54EB2AE8-36CD-4D09-9443-7E81DDDE793A}"
EndProject
Global
	GlobalSection(SolutionConfigurationPlatforms) = preSolution
		Debug|Any CPU = Debug|Any CPU
		Release|Any CPU = Release|Any CPU
	EndGlobalSection
	GlobalSection(ProjectConfigurationPlatforms) = postSolution
		{1E47B5EF-8608-4E87-8BCB-40CEB93A712C}.Debug|Any CPU.ActiveCfg = Debug|Any CPU
		{1E47B5EF-8608-4E87-8BCB-40CEB93A712C}.Debug|Any CPU.Build.0 = Debug|Any CPU
		{1E47B5EF-8608-4E87-8BCB-40CEB93A712C}.Release|Any CPU.ActiveCfg = Release|Any CPU
		{1E47B5EF-8608-4E87-8BCB-40CEB93A712C}.Release|Any CPU.Build.0 = Release|Any CPU
		{1B0D5D64-2B23-4DAE-803C-F98DD2D260CC}.Debug|Any CPU.ActiveCfg = Debug|Any CPU
		{1B0D5D64-2B23-4DAE-803C-F98DD2D260CC}.Debug|Any CPU.Build.0 = Debug|Any CPU
		{1B0D5D64-2B23-4DAE-803C-F98DD2D260CC}.Release|Any CPU.ActiveCfg = Release|Any CPU
		{1B0D5D64-2B23-4DAE-803C-F98DD2D260CC}.Release|Any CPU.Build.0 = Release|Any CPU
		{D129FAA1-4194-4903-8E76-9DB6542698AE}.Debug|Any CPU.ActiveCfg = Debug|Any CPU
		{D129FAA1-4194-4903-8E76-9DB6542698AE}.Debug|Any CPU.Build.0 = Debug|Any CPU
		{D129FAA1-4194-4903-8E76-9DB6542698AE}.Release|Any CPU.ActiveCfg = Release|Any CPU
		{D129FAA1-4194-4903-8E76-9DB6542698AE}.Release|Any CPU.Build.0 = Release|Any CPU
		{71487229-140B-4E14-8700-7E03C7E9BCAD}.Debug|Any CPU.ActiveCfg = Debug|Any CPU
		{71487229-140B-4E14-8700-7E03C7E9BCAD}.Debug|Any CPU.Build.0 = Debug|Any CPU
		{71487229-140B-4E14-8700-7E03C7E9BCAD}.Release|Any CPU.ActiveCfg = Release|Any CPU
		{71487229-140B-4E14-8700-7E03C7E9BCAD}.Release|Any CPU.Build.0 = Release|Any CPU
		{89B7A604-3C83-489D-B8A9-0522CA5D8ADB}.Debug|Any CPU.ActiveCfg = Debug|Any CPU
		{89B7A604-3C83-489D-B8A9-0522CA5D8ADB}.Debug|Any CPU.Build.0 = Debug|Any CPU
		{89B7A604-3C83-489D-B8A9-0522CA5D8ADB}.Release|Any CPU.ActiveCfg = Release|Any CPU
		{89B7A604-3C83-489D-B8A9-0522CA5D8ADB}.Release|Any CPU.Build.0 = Release|Any CPU
		{6DB287F6-B574-4262-965E-77A514693808}.Debug|Any CPU.ActiveCfg = Debug|Any CPU
		{6DB287F6-B574-4262-965E-77A514693808}.Debug|Any CPU.Build.0 = Debug|Any CPU
		{6DB287F6-B574-4262-965E-77A514693808}.Release|Any CPU.ActiveCfg = Release|Any CPU
		{6DB287F6-B574-4262-965E-77A514693808}.Release|Any CPU.Build.0 = Release|Any CPU
		{0CB2D071-DEFF-4EF0-BF45-E74165960A2F}.Debug|Any CPU.ActiveCfg = Debug|Any CPU
		{0CB2D071-DEFF-4EF0-BF45-E74165960A2F}.Debug|Any CPU.Build.0 = Debug|Any CPU
		{0CB2D071-DEFF-4EF0-BF45-E74165960A2F}.Release|Any CPU.ActiveCfg = Release|Any CPU
		{0CB2D071-DEFF-4EF0-BF45-E74165960A2F}.Release|Any CPU.Build.0 = Release|Any CPU
		{842E232E-886C-4F7D-8B31-DBDF3B15F2D7}.Debug|Any CPU.ActiveCfg = Debug|Any CPU
		{842E232E-886C-4F7D-8B31-DBDF3B15F2D7}.Debug|Any CPU.Build.0 = Debug|Any CPU
		{842E232E-886C-4F7D-8B31-DBDF3B15F2D7}.Release|Any CPU.ActiveCfg = Release|Any CPU
		{842E232E-886C-4F7D-8B31-DBDF3B15F2D7}.Release|Any CPU.Build.0 = Release|Any CPU
		{9FDED5CF-249B-4EE6-92E0-AAE25964A3A3}.Debug|Any CPU.ActiveCfg = Debug|Any CPU
		{9FDED5CF-249B-4EE6-92E0-AAE25964A3A3}.Debug|Any CPU.Build.0 = Debug|Any CPU
		{9FDED5CF-249B-4EE6-92E0-AAE25964A3A3}.Release|Any CPU.ActiveCfg = Release|Any CPU
		{9FDED5CF-249B-4EE6-92E0-AAE25964A3A3}.Release|Any CPU.Build.0 = Release|Any CPU
		{35C41EAD-6772-4C05-B890-11CB3E0CA1D0}.Debug|Any CPU.ActiveCfg = Debug|Any CPU
		{35C41EAD-6772-4C05-B890-11CB3E0CA1D0}.Debug|Any CPU.Build.0 = Debug|Any CPU
		{35C41EAD-6772-4C05-B890-11CB3E0CA1D0}.Release|Any CPU.ActiveCfg = Release|Any CPU
		{35C41EAD-6772-4C05-B890-11CB3E0CA1D0}.Release|Any CPU.Build.0 = Release|Any CPU
		{38A3D8D8-6D2F-4AE4-B29E-11D148C6B3AF}.Debug|Any CPU.ActiveCfg = Debug|Any CPU
		{38A3D8D8-6D2F-4AE4-B29E-11D148C6B3AF}.Debug|Any CPU.Build.0 = Debug|Any CPU
		{38A3D8D8-6D2F-4AE4-B29E-11D148C6B3AF}.Release|Any CPU.ActiveCfg = Release|Any CPU
		{38A3D8D8-6D2F-4AE4-B29E-11D148C6B3AF}.Release|Any CPU.Build.0 = Release|Any CPU
		{47A73209-3985-4E3D-87F3-A02E6844709D}.Debug|Any CPU.ActiveCfg = Debug|Any CPU
		{47A73209-3985-4E3D-87F3-A02E6844709D}.Debug|Any CPU.Build.0 = Debug|Any CPU
		{47A73209-3985-4E3D-87F3-A02E6844709D}.Release|Any CPU.ActiveCfg = Release|Any CPU
		{47A73209-3985-4E3D-87F3-A02E6844709D}.Release|Any CPU.Build.0 = Release|Any CPU
	EndGlobalSection
	GlobalSection(SolutionProperties) = preSolution
		HideSolutionNode = FALSE
	EndGlobalSection
	GlobalSection(NestedProjects) = preSolution
		{1E47B5EF-8608-4E87-8BCB-40CEB93A712C} = {DA0544F3-2CCB-4079-8478-6081688B3524}
		{1B0D5D64-2B23-4DAE-803C-F98DD2D260CC} = {ECCBC1E5-3955-41CD-BB9D-22F406A9DDCD}
		{D129FAA1-4194-4903-8E76-9DB6542698AE} = {ECCBC1E5-3955-41CD-BB9D-22F406A9DDCD}
		{71487229-140B-4E14-8700-7E03C7E9BCAD} = {ECCBC1E5-3955-41CD-BB9D-22F406A9DDCD}
		{89B7A604-3C83-489D-B8A9-0522CA5D8ADB} = {54EB2AE8-36CD-4D09-9443-7E81DDDE793A}
		{6DB287F6-B574-4262-965E-77A514693808} = {ECCBC1E5-3955-41CD-BB9D-22F406A9DDCD}
		{0CB2D071-DEFF-4EF0-BF45-E74165960A2F} = {54EB2AE8-36CD-4D09-9443-7E81DDDE793A}
		{842E232E-886C-4F7D-8B31-DBDF3B15F2D7} = {9608837A-BC65-4D90-9BCA-F90BE847035D}
		{9FDED5CF-249B-4EE6-92E0-AAE25964A3A3} = {9608837A-BC65-4D90-9BCA-F90BE847035D}
		{35C41EAD-6772-4C05-B890-11CB3E0CA1D0} = {9608837A-BC65-4D90-9BCA-F90BE847035D}
		{38A3D8D8-6D2F-4AE4-B29E-11D148C6B3AF} = {54EB2AE8-36CD-4D09-9443-7E81DDDE793A}
		{47A73209-3985-4E3D-87F3-A02E6844709D} = {9608837A-BC65-4D90-9BCA-F90BE847035D}
	EndGlobalSection
	GlobalSection(ExtensibilityGlobals) = postSolution
		SolutionGuid = {6C4B44F5-18BE-4110-A156-E3CCA0429F7C}
	EndGlobalSection
EndGlobal
